# This file is automatically @generated by Cargo.
# It is not intended for manual editing.
version = 4

[[package]]
name = "audio_sidecar"
version = "0.1.0"
dependencies = [
 "sdl3-sys",
]

[[package]]
name = "cc"
version = "1.2.9"
source = "registry+https://github.com/rust-lang/crates.io-index"
checksum = "c8293772165d9345bdaaa39b45b2109591e63fe5e6fbc23c6ff930a048aa310b"
dependencies = [
 "shlex",
]

[[package]]
name = "cmake"
version = "0.1.52"
source = "registry+https://github.com/rust-lang/crates.io-index"
checksum = "c682c223677e0e5b6b7f63a64b9351844c3f1b1678a68b7ee617e30fb082620e"
dependencies = [
 "cc",
]

[[package]]
name = "rpkg-config"
version = "0.1.2"
source = "registry+https://github.com/rust-lang/crates.io-index"
checksum = "5a2d2f3481209a6b42eec2fbb49063fb4e8d35b57023401495d4fe0f85c817f0"

[[package]]
name = "sdl3-src"
version = "3.1.8-preview-0"
source = "registry+https://github.com/rust-lang/crates.io-index"
checksum = "7e623eb483e71244f0f07bdc32a8da65cff2967b384fb6077da18ac9c7a2c255"

[[package]]
name = "sdl3-sys"
version = "0.2.1+SDL3-preview-3.1.8"
source = "registry+https://github.com/rust-lang/crates.io-index"
checksum = "ce30ffc1270c38b670433a1cbe84268e3cdef3660e43fa41c38ebc8e0f569e55"
dependencies = [
 "cmake",
 "rpkg-config",
 "sdl3-src",
]

[[package]]
name = "shlex"
version = "1.3.0"
source = "registry+https://github.com/rust-lang/crates.io-index"
checksum = "0fda2ff0d084019ba4d7c6f371c95d8fd75ce3524c3cb8fb653a3023f6323e64"
